// !$*UTF8*$!
{
	archiveVersion = 1;
	classes = {
	};
	objectVersion = 55;
	objects = {

/* Begin PBXBuildFile section */
		5F0AADF22773F37700840248 /* secondViewController.swift in Sources */ = {isa = PBXBuildFile; fileRef = 5F0AADF12773F37500840248 /* secondViewController.swift */; };
		5F18B54F2774891D005DACB2 /* peopleDetailViewController.swift in Sources */ = {isa = PBXBuildFile; fileRef = 5F18B54E2774891C005DACB2 /* peopleDetailViewController.swift */; };
		5F18B55127748B79005DACB2 /* filmsDetailsViewController.swift in Sources */ = {isa = PBXBuildFile; fileRef = 5F18B55027748B78005DACB2 /* filmsDetailsViewController.swift */; };
		5F317EB8277355C5005F97C2 /* AppDelegate.swift in Sources */ = {isa = PBXBuildFile; fileRef = 5F317EB7277355C5005F97C2 /* AppDelegate.swift */; };
		5F317EBA277355C5005F97C2 /* SceneDelegate.swift in Sources */ = {isa = PBXBuildFile; fileRef = 5F317EB9277355C5005F97C2 /* SceneDelegate.swift */; };
		5F317EBC277355C5005F97C2 /* ViewController.swift in Sources */ = {isa = PBXBuildFile; fileRef = 5F317EBB277355C5005F97C2 /* ViewController.swift */; };
		5F317EBF277355C5005F97C2 /* Main.storyboard in Resources */ = {isa = PBXBuildFile; fileRef = 5F317EBD277355C5005F97C2 /* Main.storyboard */; };
		5F317EC2277355C5005F97C2 /* people.xcdatamodeld in Sources */ = {isa = PBXBuildFile; fileRef = 5F317EC0277355C5005F97C2 /* people.xcdatamodeld */; };
		5F317EC4277355CD005F97C2 /* Assets.xcassets in Resources */ = {isa = PBXBuildFile; fileRef = 5F317EC3277355CD005F97C2 /* Assets.xcassets */; };
		5F317EC7277355CD005F97C2 /* LaunchScreen.storyboard in Resources */ = {isa = PBXBuildFile; fileRef = 5F317EC5277355CD005F97C2 /* LaunchScreen.storyboard */; };
/* End PBXBuildFile section */

/* Begin PBXFileReference section */
		5F0AADF12773F37500840248 /* secondViewController.swift */ = {isa = PBXFileReference; lastKnownFileType = sourcecode.swift; path = secondViewController.swift; sourceTree = "<group>"; };
		5F18B54E2774891C005DACB2 /* peopleDetailViewController.swift */ = {isa = PBXFileReference; lastKnownFileType = sourcecode.swift; path = peopleDetailViewController.swift; sourceTree = "<group>"; };
		5F18B55027748B78005DACB2 /* filmsDetailsViewController.swift */ = {isa = PBXFileReference; lastKnownFileType = sourcecode.swift; path = filmsDetailsViewController.swift; sourceTree = "<group>"; };
		5F317EB4277355C5005F97C2 /* people.app */ = {isa = PBXFileReference; explicitFileType = wrapper.application; includeInIndex = 0; path = people.app; sourceTree = BUILT_PRODUCTS_DIR; };
		5F317EB7277355C5005F97C2 /* AppDelegate.swift */ = {isa = PBXFileReference; lastKnownFileType = sourcecode.swift; path = AppDelegate.swift; sourceTree = "<group>"; };
		5F317EB9277355C5005F97C2 /* SceneDelegate.swift */ = {isa = PBXFileReference; lastKnownFileType = sourcecode.swift; path = SceneDelegate.swift; sourceTree = "<group>"; };
		5F317EBB277355C5005F97C2 /* ViewController.swift */ = {isa = PBXFileReference; lastKnownFileType = sourcecode.swift; path = ViewController.swift; sourceTree = "<group>"; };
		5F317EBE277355C5005F97C2 /* Base */ = {isa = PBXFileReference; lastKnownFileType = file.storyboard; name = Base; path = Base.lproj/Main.storyboard; sourceTree = "<group>"; };
		5F317EC1277355C5005F97C2 /* people.xcdatamodel */ = {isa = PBXFileReference; lastKnownFileType = wrapper.xcdatamodel; path = people.xcdatamodel; sourceTree = "<group>"; };
		5F317EC3277355CD005F97C2 /* Assets.xcassets */ = {isa = PBXFileReference; lastKnownFileType = folder.assetcatalog; path = Assets.xcassets; sourceTree = "<group>"; };
		5F317EC6277355CD005F97C2 /* Base */ = {isa = PBXFileReference; lastKnownFileType = file.storyboard; name = Base; path = Base.lproj/LaunchScreen.storyboard; sourceTree = "<group>"; };
		5F317EC8277355CD005F97C2 /* Info.plist */ = {isa = PBXFileReference; lastKnownFileType = text.plist.xml; path = Info.plist; sourceTree = "<group>"; };
/* End PBXFileReference section */

/* Begin PBXFrameworksBuildPhase section */
		5F317EB1277355C5005F97C2 /* Frameworks */ = {
			isa = PBXFrameworksBuildPhase;
			buildActionMask = 2147483647;
			files = (
			);
			runOnlyForDeploymentPostprocessing = 0;
		};
/* End PBXFrameworksBuildPhase section */

/* Begin PBXGroup section */
		5F317EAB277355C4005F97C2 = {
			isa = PBXGroup;
			children = (
				5F317EB6277355C5005F97C2 /* people */,
				5F317EB5277355C5005F97C2 /* Products */,
			);
			sourceTree = "<group>";
		};
		5F317EB5277355C5005F97C2 /* Products */ = {
			isa = PBXGroup;
			children = (
				5F317EB4277355C5005F97C2 /* people.app */,
			);
			name = Products;
			sourceTree = "<group>";
		};
		5F317EB6277355C5005F97C2 /* people */ = {
			isa = PBXGroup;
			children = (
				5F317EB7277355C5005F97C2 /* AppDelegate.swift */,
				5F317EB9277355C5005F97C2 /* SceneDelegate.swift */,
				5F317EBB277355C5005F97C2 /* ViewController.swift */,
				5F317EBD277355C5005F97C2 /* Main.storyboard */,
				5F317EC3277355CD005F97C2 /* Assets.xcassets */,
				5F317EC5277355CD005F97C2 /* LaunchScreen.storyboard */,
				5F317EC8277355CD005F97C2 /* Info.plist */,
				5F317EC0277355C5005F97C2 /* people.xcdatamodeld */,
				5F0AADF12773F37500840248 /* secondViewController.swift */,
				5F18B54E2774891C005DACB2 /* peopleDetailViewController.swift */,
				5F18B55027748B78005DACB2 /* filmsDetailsViewController.swift */,
			);
			path = people;
			sourceTree = "<group>";
		};
/* End PBXGroup section */

/* Begin PBXNativeTarget section */
		5F317EB3277355C5005F97C2 /* people */ = {
			isa = PBXNativeTarget;
			buildConfigurationList = 5F317ECB277355CE005F97C2 /* Build configuration list for PBXNativeTarget "people" */;
			buildPhases = (
				5F317EB0277355C5005F97C2 /* Sources */,
				5F317EB1277355C5005F97C2 /* Frameworks */,
				5F317EB2277355C5005F97C2 /* Resources */,
			);
			buildRules = (
			);
			dependencies = (
			);
			name = people;
			productName = people;
			productReference = 5F317EB4277355C5005F97C2 /* people.app */;
			productType = "com.apple.product-type.application";
		};
/* End PBXNativeTarget section */

/* Begin PBXProject section */
		5F317EAC277355C5005F97C2 /* Project object */ = {
			isa = PBXProject;
			attributes = {
				BuildIndependentTargetsInParallel = 1;
				LastSwiftUpdateCheck = 1310;
				LastUpgradeCheck = 1310;
				TargetAttributes = {
					5F317EB3277355C5005F97C2 = {
						CreatedOnToolsVersion = 13.1;
					};
				};
			};
			buildConfigurationList = 5F317EAF277355C5005F97C2 /* Build configuration list for PBXProject "people" */;
			compatibilityVersion = "Xcode 13.0";
			developmentRegion = en;
			hasScannedForEncodings = 0;
			knownRegions = (
				en,
				Base,
			);
			mainGroup = 5F317EAB277355C4005F97C2;
			productRefGroup = 5F317EB5277355C5005F97C2 /* Products */;
			projectDirPath = "";
			projectRoot = "";
			targets = (
				5F317EB3277355C5005F97C2 /* people */,
			);
		};
/* End PBXProject section */

/* Begin PBXResourcesBuildPhase section */
		5F317EB2277355C5005F97C2 /* Resources */ = {
			isa = PBXResourcesBuildPhase;
			buildActionMask = 2147483647;
			files = (
				5F317EC7277355CD005F97C2 /* LaunchScreen.storyboard in Resources */,
				5F317EC4277355CD005F97C2 /* Assets.xcassets in Resources */,
				5F317EBF277355C5005F97C2 /* Main.storyboard in Resources */,
			);
			runOnlyForDeploymentPostprocessing = 0;
		};
/* End PBXResourcesBuildPhase section */

/* Begin PBXSourcesBuildPhase section */
		5F317EB0277355C5005F97C2 /* Sources */ = {
			isa = PBXSourcesBuildPhase;
			buildActionMask = 2147483647;
			files = (
				5F18B54F2774891D005DACB2 /* peopleDetailViewController.swift in Sources */,
				5F317EC2277355C5005F97C2 /* people.xcdatamodeld in Sources */,
				5F18B55127748B79005DACB2 /* filmsDetailsViewController.swift in Sources */,
				5F317EBC277355C5005F97C2 /* ViewController.swift in Sources */,
				5F317EB8277355C5005F97C2 /* AppDelegate.swift in Sources */,
				5F0AADF22773F37700840248 /* secondViewController.swift in Sources */,
				5F317EBA277355C5005F97C2 /* SceneDelegate.swift in Sources */,
			);
			runOnlyForDeploymentPostprocessing = 0;
		};
/* End PBXSourcesBuildPhase section */

/* Begin PBXVariantGroup section */
		5F317EBD277355C5005F97C2 /* Main.storyboard */ = {
			isa = PBXVariantGroup;
			children = (
				5F317EBE277355C5005F97C2 /* Base */,
			);
			name = Main.storyboard;
			sourceTree = "<group>";
		};
		5F317EC5277355CD005F97C2 /* LaunchScreen.storyboard */ = {
			isa = PBXVariantGroup;
			children = (
				5F317EC6277355CD005F97C2 /* Base */,
			);
			name = LaunchScreen.storyboard;
			sourceTree = "<group>";
		};
/* End PBXVariantGroup section */

/* Begin XCBuildConfiguration section */
		5F317EC9277355CE005F97C2 /* Debug */ = {
			isa = XCBuildConfiguration;
			buildSettings = {
				ALWAYS_SEARCH_USER_PATHS = NO;
				CLANG_ANALYZER_NONNULL = YES;
				CLANG_ANALYZER_NUMBER_OBJECT_CONVERSION = YES_AGGRESSIVE;
				CLANG_CXX_LANGUAGE_STANDARD = "gnu++17";
				CLANG_CXX_LIBRARY = "libc++";
				CLANG_ENABLE_MODULES = YES;
				CLANG_ENABLE_OBJC_ARC = YES;
				CLANG_ENABLE_OBJC_WEAK = YES;
				CLANG_WARN_BLOCK_CAPTURE_AUTORELEASING = YES;
				CLANG_WARN_BOOL_CONVERSION = YES;
				CLANG_WARN_COMMA = YES;
				CLANG_WARN_CONSTANT_CONVERSION = YES;
				CLANG_WARN_DEPRECATED_OBJC_IMPLEMENTATIONS = YES;
				CLANG_WARN_DIRECT_OBJC_ISA_USAGE = YES_ERROR;
				CLANG_WARN_DOCUMENTATION_COMMENTS = YES;
				CLANG_WARN_EMPTY_BODY = YES;
				CLANG_WARN_ENUM_CONVERSION = YES;
				CLANG_WARN_INFINITE_RECURSION = YES;
				CLANG_WARN_INT_CONVERSION = YES;
				CLANG_WARN_NON_LITERAL_NULL_CONVERSION = YES;
				CLANG_WARN_OBJC_IMPLICIT_RETAIN_SELF = YES;
				CLANG_WARN_OBJC_LITERAL_CONVERSION = YES;
				CLANG_WARN_OBJC_ROOT_CLASS = YES_ERROR;
				CLANG_WARN_QUOTED_INCLUDE_IN_FRAMEWORK_HEADER = YES;
				CLANG_WARN_RANGE_LOOP_ANALYSIS = YES;
				CLANG_WARN_STRICT_PROTOTYPES = YES;
				CLANG_WARN_SUSPICIOUS_MOVE = YES;
				CLANG_WARN_UNGUARDED_AVAILABILITY = YES_AGGRESSIVE;
				CLANG_WARN_UNREACHABLE_CODE = YES;
				CLANG_WARN__DUPLICATE_METHOD_MATCH = YES;
				COPY_PHASE_STRIP = NO;
				DEBUG_INFORMATION_FORMAT = dwarf;
				ENABLE_STRICT_OBJC_MSGSEND = YES;
				ENABLE_TESTABILITY = YES;
				GCC_C_LANGUAGE_STANDARD = gnu11;
				GCC_DYNAMIC_NO_PIC = NO;
				GCC_NO_COMMON_BLOCKS = YES;
				GCC_OPTIMIZATION_LEVEL = 0;
				GCC_PREPROCESSOR_DEFINITIONS = (
					"DEBUG=1",
					"$(inherited)",
				);
				GCC_WARN_64_TO_32_BIT_CONVERSION = YES;
				GCC_WARN_ABOUT_RETURN_TYPE = YES_ERROR;
				GCC_WARN_UNDECLARED_SELECTOR = YES;
				GCC_WARN_UNINITIALIZED_AUTOS = YES_AGGRESSIVE;
				GCC_WARN_UNUSED_FUNCTION = YES;
				GCC_WARN_UNUSED_VARIABLE = YES;
				IPHONEOS_DEPLOYMENT_TARGET = 15.0;
				MTL_ENABLE_DEBUG_INFO = INCLUDE_SOURCE;
				MTL_FAST_MATH = YES;
				ONLY_ACTIVE_ARCH = YES;
				SDKROOT = iphoneos;
				SWIFT_ACTIVE_COMPILATION_CONDITIONS = DEBUG;
				SWIFT_OPTIMIZATION_LEVEL = "-Onone";
			};
			name = Debug;
		};
		5F317ECA277355CE005F97C2 /* Release */ = {
			isa = XCBuildConfiguration;
			buildSettings = {
				ALWAYS_SEARCH_USER_PATHS = NO;
				CLANG_ANALYZER_NONNULL = YES;
				CLANG_ANALYZER_NUMBER_OBJECT_CONVERSION = YES_AGGRESSIVE;
				CLANG_CXX_LANGUAGE_STANDARD = "gnu++17";
				CLANG_CXX_LIBRARY = "libc++";
				CLANG_ENABLE_MODULES = YES;
				CLANG_ENABLE_OBJC_ARC = YES;
				CLANG_ENABLE_OBJC_WEAK = YES;
				CLANG_WARN_BLOCK_CAPTURE_AUTORELEASING = YES;
				CLANG_WARN_BOOL_CONVERSION = YES;
				CLANG_WARN_COMMA = YES;
				CLANG_WARN_CONSTANT_CONVERSION = YES;
				CLANG_WARN_DEPRECATED_OBJC_IMPLEMENTATIONS = YES;
				CLANG_WARN_DIRECT_OBJC_ISA_USAGE = YES_ERROR;
				CLANG_WARN_DOCUMENTATION_COMMENTS = YES;
				CLANG_WARN_EMPTY_BODY = YES;
				CLANG_WARN_ENUM_CONVERSION = YES;
				CLANG_WARN_INFINITE_RECURSION = YES;
				CLANG_WARN_INT_CONVERSION = YES;
				CLANG_WARN_NON_LITERAL_NULL_CONVERSION = YES;
				CLANG_WARN_OBJC_IMPLICIT_RETAIN_SELF = YES;
				CLANG_WARN_OBJC_LITERAL_CONVERSION = YES;
				CLANG_WARN_OBJC_ROOT_CLASS = YES_ERROR;
				CLANG_WARN_QUOTED_INCLUDE_IN_FRAMEWORK_HEADER = YES;
				CLANG_WARN_RANGE_LOOP_ANALYSIS = YES;
				CLANG_WARN_STRICT_PROTOTYPES = YES;
				CLANG_WARN_SUSPICIOUS_MOVE = YES;
				CLANG_WARN_UNGUARDED_AVAILABILITY = YES_AGGRESSIVE;
				CLANG_WARN_UNREACHABLE_CODE = YES;
				CLANG_WARN__DUPLICATE_METHOD_MATCH = YES;
				COPY_PHASE_STRIP = NO;
				DEBUG_INFORMATION_FORMAT = "dwarf-with-dsym";
				ENABLE_NS_ASSERTIONS = NO;
				ENABLE_STRICT_OBJC_MSGSEND = YES;
				GCC_C_LANGUAGE_STANDARD = gnu11;
				GCC_NO_COMMON_BLOCKS = YES;
				GCC_WARN_64_TO_32_BIT_CONVERSION = YES;
				GCC_WARN_ABOUT_RETURN_TYPE = YES_ERROR;
				GCC_WARN_UNDECLARED_SELECTOR = YES;
				GCC_WARN_UNINITIALIZED_AUTOS = YES_AGGRESSIVE;
				GCC_WARN_UNUSED_FUNCTION = YES;
				GCC_WARN_UNUSED_VARIABLE = YES;
				IPHONEOS_DEPLOYMENT_TARGET = 15.0;
				MTL_ENABLE_DEBUG_INFO = NO;
				MTL_FAST_MATH = YES;
				SDKROOT = iphoneos;
				SWIFT_COMPILATION_MODE = wholemodule;
				SWIFT_OPTIMIZATION_LEVEL = "-O";
				VALIDATE_PRODUCT = YES;
			};
			name = Release;
		};
		5F317ECC277355CE005F97C2 /* Debug */ = {
			isa = XCBuildConfiguration;
			buildSettings = {
				ASSETCATALOG_COMPILER_APPICON_NAME = AppIcon;
				ASSETCATALOG_COMPILER_GLOBAL_ACCENT_COLOR_NAME = AccentColor;
				CODE_SIGN_STYLE = Automatic;
				CURRENT_PROJECT_VERSION = 1;
				GENERATE_INFOPLIST_FILE = YES;
				INFOPLIST_FILE = people/Info.plist;
				INFOPLIST_KEY_UIApplicationSupportsIndirectInputEvents = YES;
				INFOPLIST_KEY_UILaunchStoryboardName = LaunchScreen;
				INFOPLIST_KEY_UIMainStoryboardFile = Main;
				INFOPLIST_KEY_UISupportedInterfaceOrientations_iPad = "UIInterfaceOrientationPortrait UIInterfaceOrientationPortraitUpsideDown UIInterfaceOrientationLandscapeLeft UIInterfaceOrientationLandscapeRight";
				INFOPLIST_KEY_UISupportedInterfaceOrientations_iPhone = "UIInterfaceOrientationPortrait UIInterfaceOrientationLandscapeLeft UIInterfaceOrientationLandscapeRight";
				LD_RUNPATH_SEARCH_PATHS = (
					"$(inherited)",
					"@executable_path/Frameworks",
				);
				MARKETING_VERSION = 1.0;
				PRODUCT_BUNDLE_IDENTIFIER = lamia.people;
				PRODUCT_NAME = "$(TARGET_NAME)";
				SWIFT_EMIT_LOC_STRINGS = YES;
				SWIFT_VERSION = 5.0;
				TARGETED_DEVICE_FAMILY = "1,2";
			};
			name = Debug;
		};
		5F317ECD277355CE005F97C2 /* Release */ = {
			isa = XCBuildConfiguration;
			buildSettings = {
				ASSETCATALOG_COMPILER_APPICON_NAME = AppIcon;
				ASSETCATALOG_COMPILER_GLOBAL_ACCENT_COLOR_NAME = AccentColor;
				CODE_SIGN_STYLE = Automatic;
				CURRENT_PROJECT_VERSION = 1;
				GENERATE_INFOPLIST_FILE = YES;
				INFOPLIST_FILE = people/Info.plist;
				INFOPLIST_KEY_UIApplicationSupportsIndirectInputEvents = YES;
				INFOPLIST_KEY_UILaunchStoryboardName = LaunchScreen;
				INFOPLIST_KEY_UIMainStoryboardFile = Main;
				INFOPLIST_KEY_UISupportedInterfaceOrientations_iPad = "UIInterfaceOrientationPortrait UIInterfaceOrientationPortraitUpsideDown UIInterfaceOrientationLandscapeLeft UIInterfaceOrientationLandscapeRight";
				INFOPLIST_KEY_UISupportedInterfaceOrientations_iPhone = "UIInterfaceOrientationPortrait UIInterfaceOrientationLandscapeLeft UIInterfaceOrientationLandscapeRight";
				LD_RUNPATH_SEARCH_PATHS = (
					"$(inherited)",
					"@executable_path/Frameworks",
				);
				MARKETING_VERSION = 1.0;
				PRODUCT_BUNDLE_IDENTIFIER = lamia.people;
				PRODUCT_NAME = "$(TARGET_NAME)";
				SWIFT_EMIT_LOC_STRINGS = YES;
				SWIFT_VERSION = 5.0;
				TARGETED_DEVICE_FAMILY = "1,2";
			};
			name = Release;
		};
/* End XCBuildConfiguration section */

/* Begin XCConfigurationList section */
		5F317EAF277355C5005F97C2 /* Build configuration list for PBXProject "people" */ = {
			isa = XCConfigurationList;
			buildConfigurations = (
				5F317EC9277355CE005F97C2 /* Debug */,
				5F317ECA277355CE005F97C2 /* Release */,
			);
			defaultConfigurationIsVisible = 0;
			defaultConfigurationName = Release;
		};
		5F317ECB277355CE005F97C2 /* Build configuration list for PBXNativeTarget "people" */ = {
			isa = XCConfigurationList;
			buildConfigurations = (
				5F317ECC277355CE005F97C2 /* Debug */,
				5F317ECD277355CE005F97C2 /* Release */,
			);
			defaultConfigurationIsVisible = 0;
			defaultConfigurationName = Release;
		};
/* End XCConfigurationList section */

/* Begin XCVersionGroup section */
		5F317EC0277355C5005F97C2 /* people.xcdatamodeld */ = {
			isa = XCVersionGroup;
			children = (
				5F317EC1277355C5005F97C2 /* people.xcdatamodel */,
			);
			currentVersion = 5F317EC1277355C5005F97C2 /* people.xcdatamodel */;
			path = people.xcdatamodeld;
			sourceTree = "<group>";
			versionGroupType = wrapper.xcdatamodel;
		};
/* End XCVersionGroup section */
	};
	rootObject = 5F317EAC277355C5005F97C2 /* Project object */;
}
